PODS:
  - Nimble (8.1.1)
  - Quick (3.0.0)

DEPENDENCIES:
  - Nimble
  - Quick

SPEC REPOS:
  trunk:
    - Nimble
    - Quick

SPEC CHECKSUMS:
  Nimble: 5f8a2fb6fa343a7242dfdd9d42f7267419d464b2
  Quick: 6d9559f40647bc4d510103842ef2fdd882d753e2

PODFILE CHECKSUM: c20ce07d65ca1b29a660978d7acc5d5f31202a8a

COCOAPODS: 1.9.3
