// !$*UTF8*$!
{
	archiveVersion = 1;
	classes = {
	};
	objectVersion = 46;
	objects = {

/* Begin PBXBuildFile section */
		4A7DCF4AF168136DFFF91228 /* Pods_ASMapLauncherTests.framework in Frameworks */ = {isa = PBXBuildFile; fileRef = 742705AEF11EFE5BB0313607 /* Pods_ASMapLauncherTests.framework */; };
		A4B94E801B238C94006FFC09 /* ASMapLauncher.swift in Sources */ = {isa = PBXBuildFile; fileRef = A4B94E7F1B238C94006FFC09 /* ASMapLauncher.swift */; };
		A4D9005D1B2DEC9300FCD9B5 /* ASMapLauncher.swift in Sources */ = {isa = PBXBuildFile; fileRef = A4B94E7F1B238C94006FFC09 /* ASMapLauncher.swift */; };
		A4EC75461B2362A900A4528E /* AppDelegate.swift in Sources */ = {isa = PBXBuildFile; fileRef = A4EC75451B2362A900A4528E /* AppDelegate.swift */; };
		A4EC75481B2362A900A4528E /* ViewController.swift in Sources */ = {isa = PBXBuildFile; fileRef = A4EC75471B2362A900A4528E /* ViewController.swift */; };
		A4EC754B1B2362A900A4528E /* Main.storyboard in Resources */ = {isa = PBXBuildFile; fileRef = A4EC75491B2362A900A4528E /* Main.storyboard */; };
		A4EC754D1B2362A900A4528E /* Images.xcassets in Resources */ = {isa = PBXBuildFile; fileRef = A4EC754C1B2362A900A4528E /* Images.xcassets */; };
		A4EC75501B2362A900A4528E /* LaunchScreen.xib in Resources */ = {isa = PBXBuildFile; fileRef = A4EC754E1B2362A900A4528E /* LaunchScreen.xib */; };
		A4EC755C1B2362A900A4528E /* ASMapLauncherTests.swift in Sources */ = {isa = PBXBuildFile; fileRef = A4EC755B1B2362A900A4528E /* ASMapLauncherTests.swift */; };
		EBE1FBD0E19D18914CAD04A8 /* Pods_ASMapLauncher.framework in Frameworks */ = {isa = PBXBuildFile; fileRef = B6536A0B8CDFD17C50353890 /* Pods_ASMapLauncher.framework */; };
/* End PBXBuildFile section */

/* Begin PBXContainerItemProxy section */
		A4EC75561B2362A900A4528E /* PBXContainerItemProxy */ = {
			isa = PBXContainerItemProxy;
			containerPortal = A4EC75381B2362A900A4528E /* Project object */;
			proxyType = 1;
			remoteGlobalIDString = A4EC753F1B2362A900A4528E;
			remoteInfo = ASMapLauncher;
		};
/* End PBXContainerItemProxy section */

/* Begin PBXFileReference section */
		0B6C7300445836FE082430EA /* Pods-ASMapLauncher.release.xcconfig */ = {isa = PBXFileReference; includeInIndex = 1; lastKnownFileType = text.xcconfig; name = "Pods-ASMapLauncher.release.xcconfig"; path = "Pods/Target Support Files/Pods-ASMapLauncher/Pods-ASMapLauncher.release.xcconfig"; sourceTree = "<group>"; };
		25B6C5DF8EC8B9D32E1CCE5F /* Pods-ASMapLauncherTests.release.xcconfig */ = {isa = PBXFileReference; includeInIndex = 1; lastKnownFileType = text.xcconfig; name = "Pods-ASMapLauncherTests.release.xcconfig"; path = "Pods/Target Support Files/Pods-ASMapLauncherTests/Pods-ASMapLauncherTests.release.xcconfig"; sourceTree = "<group>"; };
		6AB9DF7B4B02FBE8CE57C069 /* Pods-ASMapLauncherTests.debug.xcconfig */ = {isa = PBXFileReference; includeInIndex = 1; lastKnownFileType = text.xcconfig; name = "Pods-ASMapLauncherTests.debug.xcconfig"; path = "Pods/Target Support Files/Pods-ASMapLauncherTests/Pods-ASMapLauncherTests.debug.xcconfig"; sourceTree = "<group>"; };
		742705AEF11EFE5BB0313607 /* Pods_ASMapLauncherTests.framework */ = {isa = PBXFileReference; explicitFileType = wrapper.framework; includeInIndex = 0; path = Pods_ASMapLauncherTests.framework; sourceTree = BUILT_PRODUCTS_DIR; };
		A4B94E7F1B238C94006FFC09 /* ASMapLauncher.swift */ = {isa = PBXFileReference; fileEncoding = 4; lastKnownFileType = sourcecode.swift; name = ASMapLauncher.swift; path = Source/ASMapLauncher.swift; sourceTree = "<group>"; };
		A4EC75401B2362A900A4528E /* ASMapLauncher.app */ = {isa = PBXFileReference; explicitFileType = wrapper.application; includeInIndex = 0; path = ASMapLauncher.app; sourceTree = BUILT_PRODUCTS_DIR; };
		A4EC75441B2362A900A4528E /* Info.plist */ = {isa = PBXFileReference; lastKnownFileType = text.plist.xml; path = Info.plist; sourceTree = "<group>"; };
		A4EC75451B2362A900A4528E /* AppDelegate.swift */ = {isa = PBXFileReference; lastKnownFileType = sourcecode.swift; path = AppDelegate.swift; sourceTree = "<group>"; };
		A4EC75471B2362A900A4528E /* ViewController.swift */ = {isa = PBXFileReference; lastKnownFileType = sourcecode.swift; path = ViewController.swift; sourceTree = "<group>"; };
		A4EC754A1B2362A900A4528E /* Base */ = {isa = PBXFileReference; lastKnownFileType = file.storyboard; name = Base; path = Base.lproj/Main.storyboard; sourceTree = "<group>"; };
		A4EC754C1B2362A900A4528E /* Images.xcassets */ = {isa = PBXFileReference; lastKnownFileType = folder.assetcatalog; path = Images.xcassets; sourceTree = "<group>"; };
		A4EC754F1B2362A900A4528E /* Base */ = {isa = PBXFileReference; lastKnownFileType = file.xib; name = Base; path = Base.lproj/LaunchScreen.xib; sourceTree = "<group>"; };
		A4EC75551B2362A900A4528E /* ASMapLauncherTests.xctest */ = {isa = PBXFileReference; explicitFileType = wrapper.cfbundle; includeInIndex = 0; path = ASMapLauncherTests.xctest; sourceTree = BUILT_PRODUCTS_DIR; };
		A4EC755A1B2362A900A4528E /* Info.plist */ = {isa = PBXFileReference; lastKnownFileType = text.plist.xml; path = Info.plist; sourceTree = "<group>"; };
		A4EC755B1B2362A900A4528E /* ASMapLauncherTests.swift */ = {isa = PBXFileReference; lastKnownFileType = sourcecode.swift; path = ASMapLauncherTests.swift; sourceTree = "<group>"; };
		B6536A0B8CDFD17C50353890 /* Pods_ASMapLauncher.framework */ = {isa = PBXFileReference; explicitFileType = wrapper.framework; includeInIndex = 0; path = Pods_ASMapLauncher.framework; sourceTree = BUILT_PRODUCTS_DIR; };
		D0284BC14869523C2EFE3F96 /* Pods-ASMapLauncher.debug.xcconfig */ = {isa = PBXFileReference; includeInIndex = 1; lastKnownFileType = text.xcconfig; name = "Pods-ASMapLauncher.debug.xcconfig"; path = "Pods/Target Support Files/Pods-ASMapLauncher/Pods-ASMapLauncher.debug.xcconfig"; sourceTree = "<group>"; };
/* End PBXFileReference section */

/* Begin PBXFrameworksBuildPhase section */
		A4EC753D1B2362A900A4528E /* Frameworks */ = {
			isa = PBXFrameworksBuildPhase;
			buildActionMask = 2147483647;
			files = (
				EBE1FBD0E19D18914CAD04A8 /* Pods_ASMapLauncher.framework in Frameworks */,
			);
			runOnlyForDeploymentPostprocessing = 0;
		};
		A4EC75521B2362A900A4528E /* Frameworks */ = {
			isa = PBXFrameworksBuildPhase;
			buildActionMask = 2147483647;
			files = (
				4A7DCF4AF168136DFFF91228 /* Pods_ASMapLauncherTests.framework in Frameworks */,
			);
			runOnlyForDeploymentPostprocessing = 0;
		};
/* End PBXFrameworksBuildPhase section */

/* Begin PBXGroup section */
		1394C5D6CFB1D769E66BC86D /* Pods */ = {
			isa = PBXGroup;
			children = (
				D0284BC14869523C2EFE3F96 /* Pods-ASMapLauncher.debug.xcconfig */,
				0B6C7300445836FE082430EA /* Pods-ASMapLauncher.release.xcconfig */,
				6AB9DF7B4B02FBE8CE57C069 /* Pods-ASMapLauncherTests.debug.xcconfig */,
				25B6C5DF8EC8B9D32E1CCE5F /* Pods-ASMapLauncherTests.release.xcconfig */,
			);
			name = Pods;
			sourceTree = "<group>";
		};
		A4B94E7E1B238C5E006FFC09 /* Source */ = {
			isa = PBXGroup;
			children = (
				A4B94E7F1B238C94006FFC09 /* ASMapLauncher.swift */,
			);
			name = Source;
			sourceTree = "<group>";
		};
		A4EC75371B2362A900A4528E = {
			isa = PBXGroup;
			children = (
				A4EC75421B2362A900A4528E /* ASMapLauncher */,
				A4EC75581B2362A900A4528E /* ASMapLauncherTests */,
				A4EC75411B2362A900A4528E /* Products */,
				1394C5D6CFB1D769E66BC86D /* Pods */,
				E710D5883262880E69D6D97A /* Frameworks */,
			);
			sourceTree = "<group>";
		};
		A4EC75411B2362A900A4528E /* Products */ = {
			isa = PBXGroup;
			children = (
				A4EC75401B2362A900A4528E /* ASMapLauncher.app */,
				A4EC75551B2362A900A4528E /* ASMapLauncherTests.xctest */,
			);
			name = Products;
			sourceTree = "<group>";
		};
		A4EC75421B2362A900A4528E /* ASMapLauncher */ = {
			isa = PBXGroup;
			children = (
				A4B94E7E1B238C5E006FFC09 /* Source */,
				A4EC75451B2362A900A4528E /* AppDelegate.swift */,
				A4EC75471B2362A900A4528E /* ViewController.swift */,
				A4EC75491B2362A900A4528E /* Main.storyboard */,
				A4EC754C1B2362A900A4528E /* Images.xcassets */,
				A4EC754E1B2362A900A4528E /* LaunchScreen.xib */,
				A4EC75431B2362A900A4528E /* Supporting Files */,
			);
			path = ASMapLauncher;
			sourceTree = "<group>";
		};
		A4EC75431B2362A900A4528E /* Supporting Files */ = {
			isa = PBXGroup;
			children = (
				A4EC75441B2362A900A4528E /* Info.plist */,
			);
			name = "Supporting Files";
			sourceTree = "<group>";
		};
		A4EC75581B2362A900A4528E /* ASMapLauncherTests */ = {
			isa = PBXGroup;
			children = (
				A4EC755B1B2362A900A4528E /* ASMapLauncherTests.swift */,
				A4EC75591B2362A900A4528E /* Supporting Files */,
			);
			path = ASMapLauncherTests;
			sourceTree = "<group>";
		};
		A4EC75591B2362A900A4528E /* Supporting Files */ = {
			isa = PBXGroup;
			children = (
				A4EC755A1B2362A900A4528E /* Info.plist */,
			);
			name = "Supporting Files";
			sourceTree = "<group>";
		};
		E710D5883262880E69D6D97A /* Frameworks */ = {
			isa = PBXGroup;
			children = (
				B6536A0B8CDFD17C50353890 /* Pods_ASMapLauncher.framework */,
				742705AEF11EFE5BB0313607 /* Pods_ASMapLauncherTests.framework */,
			);
			name = Frameworks;
			sourceTree = "<group>";
		};
/* End PBXGroup section */

/* Begin PBXNativeTarget section */
		A4EC753F1B2362A900A4528E /* ASMapLauncher */ = {
			isa = PBXNativeTarget;
			buildConfigurationList = A4EC755F1B2362A900A4528E /* Build configuration list for PBXNativeTarget "ASMapLauncher" */;
			buildPhases = (
				07B2CF099DC5FF9DBF776344 /* [CP] Check Pods Manifest.lock */,
				A4EC753C1B2362A900A4528E /* Sources */,
				A4EC753D1B2362A900A4528E /* Frameworks */,
				A4EC753E1B2362A900A4528E /* Resources */,
				47D8439A4C444F56E4C2405A /* [CP] Embed Pods Frameworks */,
				D5B7859FED30CD3ABF4FB39F /* [CP] Copy Pods Resources */,
			);
			buildRules = (
			);
			dependencies = (
			);
			name = ASMapLauncher;
			productName = ASMapLauncher;
			productReference = A4EC75401B2362A900A4528E /* ASMapLauncher.app */;
			productType = "com.apple.product-type.application";
		};
		A4EC75541B2362A900A4528E /* ASMapLauncherTests */ = {
			isa = PBXNativeTarget;
			buildConfigurationList = A4EC75621B2362A900A4528E /* Build configuration list for PBXNativeTarget "ASMapLauncherTests" */;
			buildPhases = (
				10D000B374957053CA311F6A /* [CP] Check Pods Manifest.lock */,
				A4EC75511B2362A900A4528E /* Sources */,
				A4EC75521B2362A900A4528E /* Frameworks */,
				A4EC75531B2362A900A4528E /* Resources */,
				CFFFD47AD7F42783D88D622A /* [CP] Embed Pods Frameworks */,
				72579825AFBD3F7BDD9C2152 /* [CP] Copy Pods Resources */,
			);
			buildRules = (
			);
			dependencies = (
				A4EC75571B2362A900A4528E /* PBXTargetDependency */,
			);
			name = ASMapLauncherTests;
			productName = ASMapLauncherTests;
			productReference = A4EC75551B2362A900A4528E /* ASMapLauncherTests.xctest */;
			productType = "com.apple.product-type.bundle.unit-test";
		};
/* End PBXNativeTarget section */

/* Begin PBXProject section */
		A4EC75381B2362A900A4528E /* Project object */ = {
			isa = PBXProject;
			attributes = {
				LastSwiftMigration = 0700;
				LastSwiftUpdateCheck = 0700;
				LastUpgradeCheck = 0800;
				ORGANIZATIONNAME = "Abdullah Selek";
				TargetAttributes = {
					A4EC753F1B2362A900A4528E = {
						CreatedOnToolsVersion = 6.3.2;
						LastSwiftMigration = 0800;
					};
					A4EC75541B2362A900A4528E = {
						CreatedOnToolsVersion = 6.3.2;
						LastSwiftMigration = 0800;
						TestTargetID = A4EC753F1B2362A900A4528E;
					};
				};
			};
			buildConfigurationList = A4EC753B1B2362A900A4528E /* Build configuration list for PBXProject "ASMapLauncher" */;
			compatibilityVersion = "Xcode 3.2";
			developmentRegion = English;
			hasScannedForEncodings = 0;
			knownRegions = (
				en,
				Base,
			);
			mainGroup = A4EC75371B2362A900A4528E;
			productRefGroup = A4EC75411B2362A900A4528E /* Products */;
			projectDirPath = "";
			projectRoot = "";
			targets = (
				A4EC753F1B2362A900A4528E /* ASMapLauncher */,
				A4EC75541B2362A900A4528E /* ASMapLauncherTests */,
			);
		};
/* End PBXProject section */

/* Begin PBXResourcesBuildPhase section */
		A4EC753E1B2362A900A4528E /* Resources */ = {
			isa = PBXResourcesBuildPhase;
			buildActionMask = 2147483647;
			files = (
				A4EC754B1B2362A900A4528E /* Main.storyboard in Resources */,
				A4EC75501B2362A900A4528E /* LaunchScreen.xib in Resources */,
				A4EC754D1B2362A900A4528E /* Images.xcassets in Resources */,
			);
			runOnlyForDeploymentPostprocessing = 0;
		};
		A4EC75531B2362A900A4528E /* Resources */ = {
			isa = PBXResourcesBuildPhase;
			buildActionMask = 2147483647;
			files = (
			);
			runOnlyForDeploymentPostprocessing = 0;
		};
/* End PBXResourcesBuildPhase section */

/* Begin PBXShellScriptBuildPhase section */
		07B2CF099DC5FF9DBF776344 /* [CP] Check Pods Manifest.lock */ = {
			isa = PBXShellScriptBuildPhase;
			buildActionMask = 2147483647;
			files = (
			);
			inputPaths = (
			);
			name = "[CP] Check Pods Manifest.lock";
			outputPaths = (
			);
			runOnlyForDeploymentPostprocessing = 0;
			shellPath = /bin/sh;
			shellScript = "diff \"${PODS_ROOT}/../Podfile.lock\" \"${PODS_ROOT}/Manifest.lock\" > /dev/null\nif [ $? != 0 ] ; then\n    # print error to STDERR\n    echo \"error: The sandbox is not in sync with the Podfile.lock. Run 'pod install' or update your CocoaPods installation.\" >&2\n    exit 1\nfi\n";
			showEnvVarsInLog = 0;
		};
		10D000B374957053CA311F6A /* [CP] Check Pods Manifest.lock */ = {
			isa = PBXShellScriptBuildPhase;
			buildActionMask = 2147483647;
			files = (
			);
			inputPaths = (
			);
			name = "[CP] Check Pods Manifest.lock";
			outputPaths = (
			);
			runOnlyForDeploymentPostprocessing = 0;
			shellPath = /bin/sh;
			shellScript = "diff \"${PODS_ROOT}/../Podfile.lock\" \"${PODS_ROOT}/Manifest.lock\" > /dev/null\nif [ $? != 0 ] ; then\n    # print error to STDERR\n    echo \"error: The sandbox is not in sync with the Podfile.lock. Run 'pod install' or update your CocoaPods installation.\" >&2\n    exit 1\nfi\n";
			showEnvVarsInLog = 0;
		};
		47D8439A4C444F56E4C2405A /* [CP] Embed Pods Frameworks */ = {
			isa = PBXShellScriptBuildPhase;
			buildActionMask = 2147483647;
			files = (
			);
			inputPaths = (
			);
			name = "[CP] Embed Pods Frameworks";
			outputPaths = (
			);
			runOnlyForDeploymentPostprocessing = 0;
			shellPath = /bin/sh;
			shellScript = "\"${SRCROOT}/Pods/Target Support Files/Pods-ASMapLauncher/Pods-ASMapLauncher-frameworks.sh\"\n";
			showEnvVarsInLog = 0;
		};
		72579825AFBD3F7BDD9C2152 /* [CP] Copy Pods Resources */ = {
			isa = PBXShellScriptBuildPhase;
			buildActionMask = 2147483647;
			files = (
			);
			inputPaths = (
			);
			name = "[CP] Copy Pods Resources";
			outputPaths = (
			);
			runOnlyForDeploymentPostprocessing = 0;
			shellPath = /bin/sh;
			shellScript = "\"${SRCROOT}/Pods/Target Support Files/Pods-ASMapLauncherTests/Pods-ASMapLauncherTests-resources.sh\"\n";
			showEnvVarsInLog = 0;
		};
		CFFFD47AD7F42783D88D622A /* [CP] Embed Pods Frameworks */ = {
			isa = PBXShellScriptBuildPhase;
			buildActionMask = 2147483647;
			files = (
			);
			inputPaths = (
			);
			name = "[CP] Embed Pods Frameworks";
			outputPaths = (
			);
			runOnlyForDeploymentPostprocessing = 0;
			shellPath = /bin/sh;
			shellScript = "\"${SRCROOT}/Pods/Target Support Files/Pods-ASMapLauncherTests/Pods-ASMapLauncherTests-frameworks.sh\"\n";
			showEnvVarsInLog = 0;
		};
		D5B7859FED30CD3ABF4FB39F /* [CP] Copy Pods Resources */ = {
			isa = PBXShellScriptBuildPhase;
			buildActionMask = 2147483647;
			files = (
			);
			inputPaths = (
			);
			name = "[CP] Copy Pods Resources";
			outputPaths = (
			);
			runOnlyForDeploymentPostprocessing = 0;
			shellPath = /bin/sh;
			shellScript = "\"${SRCROOT}/Pods/Target Support Files/Pods-ASMapLauncher/Pods-ASMapLauncher-resources.sh\"\n";
			showEnvVarsInLog = 0;
		};
/* End PBXShellScriptBuildPhase section */

/* Begin PBXSourcesBuildPhase section */
		A4EC753C1B2362A900A4528E /* Sources */ = {
			isa = PBXSourcesBuildPhase;
			buildActionMask = 2147483647;
			files = (
				A4B94E801B238C94006FFC09 /* ASMapLauncher.swift in Sources */,
				A4EC75481B2362A900A4528E /* ViewController.swift in Sources */,
				A4EC75461B2362A900A4528E /* AppDelegate.swift in Sources */,
			);
			runOnlyForDeploymentPostprocessing = 0;
		};
		A4EC75511B2362A900A4528E /* Sources */ = {
			isa = PBXSourcesBuildPhase;
			buildActionMask = 2147483647;
			files = (
				A4D9005D1B2DEC9300FCD9B5 /* ASMapLauncher.swift in Sources */,
				A4EC755C1B2362A900A4528E /* ASMapLauncherTests.swift in Sources */,
			);
			runOnlyForDeploymentPostprocessing = 0;
		};
/* End PBXSourcesBuildPhase section */

/* Begin PBXTargetDependency section */
		A4EC75571B2362A900A4528E /* PBXTargetDependency */ = {
			isa = PBXTargetDependency;
			target = A4EC753F1B2362A900A4528E /* ASMapLauncher */;
			targetProxy = A4EC75561B2362A900A4528E /* PBXContainerItemProxy */;
		};
/* End PBXTargetDependency section */

/* Begin PBXVariantGroup section */
		A4EC75491B2362A900A4528E /* Main.storyboard */ = {
			isa = PBXVariantGroup;
			children = (
				A4EC754A1B2362A900A4528E /* Base */,
			);
			name = Main.storyboard;
			sourceTree = "<group>";
		};
		A4EC754E1B2362A900A4528E /* LaunchScreen.xib */ = {
			isa = PBXVariantGroup;
			children = (
				A4EC754F1B2362A900A4528E /* Base */,
			);
			name = LaunchScreen.xib;
			sourceTree = "<group>";
		};
/* End PBXVariantGroup section */

/* Begin XCBuildConfiguration section */
		A4EC755D1B2362A900A4528E /* Debug */ = {
			isa = XCBuildConfiguration;
			buildSettings = {
				ALWAYS_SEARCH_USER_PATHS = NO;
				CLANG_CXX_LANGUAGE_STANDARD = "gnu++0x";
				CLANG_CXX_LIBRARY = "libc++";
				CLANG_ENABLE_MODULES = YES;
				CLANG_ENABLE_OBJC_ARC = YES;
				CLANG_WARN_BOOL_CONVERSION = YES;
				CLANG_WARN_CONSTANT_CONVERSION = YES;
				CLANG_WARN_DIRECT_OBJC_ISA_USAGE = YES_ERROR;
				CLANG_WARN_EMPTY_BODY = YES;
				CLANG_WARN_ENUM_CONVERSION = YES;
				CLANG_WARN_INFINITE_RECURSION = YES;
				CLANG_WARN_INT_CONVERSION = YES;
				CLANG_WARN_OBJC_ROOT_CLASS = YES_ERROR;
				CLANG_WARN_SUSPICIOUS_MOVE = YES;
				CLANG_WARN_UNREACHABLE_CODE = YES;
				CLANG_WARN__DUPLICATE_METHOD_MATCH = YES;
				"CODE_SIGN_IDENTITY[sdk=iphoneos*]" = "iPhone Developer";
				COPY_PHASE_STRIP = NO;
				DEBUG_INFORMATION_FORMAT = "dwarf-with-dsym";
				ENABLE_STRICT_OBJC_MSGSEND = YES;
				ENABLE_TESTABILITY = YES;
				GCC_C_LANGUAGE_STANDARD = gnu99;
				GCC_DYNAMIC_NO_PIC = NO;
				GCC_NO_COMMON_BLOCKS = YES;
				GCC_OPTIMIZATION_LEVEL = 0;
				GCC_PREPROCESSOR_DEFINITIONS = (
					"DEBUG=1",
					"$(inherited)",
				);
				GCC_SYMBOLS_PRIVATE_EXTERN = NO;
				GCC_WARN_64_TO_32_BIT_CONVERSION = YES;
				GCC_WARN_ABOUT_RETURN_TYPE = YES_ERROR;
				GCC_WARN_UNDECLARED_SELECTOR = YES;
				GCC_WARN_UNINITIALIZED_AUTOS = YES_AGGRESSIVE;
				GCC_WARN_UNUSED_FUNCTION = YES;
				GCC_WARN_UNUSED_VARIABLE = YES;
				IPHONEOS_DEPLOYMENT_TARGET = 8.0;
				MTL_ENABLE_DEBUG_INFO = YES;
				ONLY_ACTIVE_ARCH = YES;
				SDKROOT = iphoneos;
				SWIFT_OPTIMIZATION_LEVEL = "-Onone";
			};
			name = Debug;
		};
		A4EC755E1B2362A900A4528E /* Release */ = {
			isa = XCBuildConfiguration;
			buildSettings = {
				ALWAYS_SEARCH_USER_PATHS = NO;
				CLANG_CXX_LANGUAGE_STANDARD = "gnu++0x";
				CLANG_CXX_LIBRARY = "libc++";
				CLANG_ENABLE_MODULES = YES;
				CLANG_ENABLE_OBJC_ARC = YES;
				CLANG_WARN_BOOL_CONVERSION = YES;
				CLANG_WARN_CONSTANT_CONVERSION = YES;
				CLANG_WARN_DIRECT_OBJC_ISA_USAGE = YES_ERROR;
				CLANG_WARN_EMPTY_BODY = YES;
				CLANG_WARN_ENUM_CONVERSION = YES;
				CLANG_WARN_INFINITE_RECURSION = YES;
				CLANG_WARN_INT_CONVERSION = YES;
				CLANG_WARN_OBJC_ROOT_CLASS = YES_ERROR;
				CLANG_WARN_SUSPICIOUS_MOVE = YES;
				CLANG_WARN_UNREACHABLE_CODE = YES;
				CLANG_WARN__DUPLICATE_METHOD_MATCH = YES;
				"CODE_SIGN_IDENTITY[sdk=iphoneos*]" = "iPhone Developer";
				COPY_PHASE_STRIP = NO;
				DEBUG_INFORMATION_FORMAT = "dwarf-with-dsym";
				ENABLE_NS_ASSERTIONS = NO;
				ENABLE_STRICT_OBJC_MSGSEND = YES;
				GCC_C_LANGUAGE_STANDARD = gnu99;
				GCC_NO_COMMON_BLOCKS = YES;
				GCC_WARN_64_TO_32_BIT_CONVERSION = YES;
				GCC_WARN_ABOUT_RETURN_TYPE = YES_ERROR;
				GCC_WARN_UNDECLARED_SELECTOR = YES;
				GCC_WARN_UNINITIALIZED_AUTOS = YES_AGGRESSIVE;
				GCC_WARN_UNUSED_FUNCTION = YES;
				GCC_WARN_UNUSED_VARIABLE = YES;
				IPHONEOS_DEPLOYMENT_TARGET = 8.0;
				MTL_ENABLE_DEBUG_INFO = NO;
				SDKROOT = iphoneos;
				SWIFT_OPTIMIZATION_LEVEL = "-Owholemodule";
				VALIDATE_PRODUCT = YES;
			};
			name = Release;
		};
		A4EC75601B2362A900A4528E /* Debug */ = {
			isa = XCBuildConfiguration;
			baseConfigurationReference = D0284BC14869523C2EFE3F96 /* Pods-ASMapLauncher.debug.xcconfig */;
			buildSettings = {
				ASSETCATALOG_COMPILER_APPICON_NAME = AppIcon;
				CODE_SIGN_IDENTITY = "iPhone Developer";
				"CODE_SIGN_IDENTITY[sdk=iphoneos*]" = "iPhone Developer";
				INFOPLIST_FILE = ASMapLauncher/Info.plist;
				IPHONEOS_DEPLOYMENT_TARGET = 8.0;
				LD_RUNPATH_SEARCH_PATHS = "$(inherited) @executable_path/Frameworks";
				PRODUCT_BUNDLE_IDENTIFIER = "com.abdullahselek.$(PRODUCT_NAME:rfc1034identifier)";
				PRODUCT_NAME = "$(TARGET_NAME)";
				PROVISIONING_PROFILE = "";
				SWIFT_VERSION = 3.0;
			};
			name = Debug;
		};
		A4EC75611B2362A900A4528E /* Release */ = {
			isa = XCBuildConfiguration;
			baseConfigurationReference = 0B6C7300445836FE082430EA /* Pods-ASMapLauncher.release.xcconfig */;
			buildSettings = {
				ASSETCATALOG_COMPILER_APPICON_NAME = AppIcon;
				CODE_SIGN_IDENTITY = "iPhone Developer";
				INFOPLIST_FILE = ASMapLauncher/Info.plist;
				IPHONEOS_DEPLOYMENT_TARGET = 8.0;
				LD_RUNPATH_SEARCH_PATHS = "$(inherited) @executable_path/Frameworks";
				PRODUCT_BUNDLE_IDENTIFIER = "com.abdullahselek.$(PRODUCT_NAME:rfc1034identifier)";
				PRODUCT_NAME = "$(TARGET_NAME)";
				PROVISIONING_PROFILE = "";
				SWIFT_VERSION = 3.0;
			};
			name = Release;
		};
		A4EC75631B2362A900A4528E /* Debug */ = {
			isa = XCBuildConfiguration;
			baseConfigurationReference = 6AB9DF7B4B02FBE8CE57C069 /* Pods-ASMapLauncherTests.debug.xcconfig */;
			buildSettings = {
				ALWAYS_EMBED_SWIFT_STANDARD_LIBRARIES = "$(inherited)";
				BUNDLE_LOADER = "$(TEST_HOST)";
				FRAMEWORK_SEARCH_PATHS = (
					"$(SDKROOT)/Developer/Library/Frameworks",
					"$(inherited)",
				);
				GCC_PREPROCESSOR_DEFINITIONS = (
					"DEBUG=1",
					"$(inherited)",
				);
				INFOPLIST_FILE = ASMapLauncherTests/Info.plist;
				LD_RUNPATH_SEARCH_PATHS = "$(inherited) @executable_path/Frameworks @loader_path/Frameworks";
				PRODUCT_BUNDLE_IDENTIFIER = "com.abdullahselek.$(PRODUCT_NAME:rfc1034identifier)";
				PRODUCT_NAME = "$(TARGET_NAME)";
				SWIFT_VERSION = 3.0;
				TEST_HOST = "$(BUILT_PRODUCTS_DIR)/ASMapLauncher.app/ASMapLauncher";
			};
			name = Debug;
		};
		A4EC75641B2362A900A4528E /* Release */ = {
			isa = XCBuildConfiguration;
			baseConfigurationReference = 25B6C5DF8EC8B9D32E1CCE5F /* Pods-ASMapLauncherTests.release.xcconfig */;
			buildSettings = {
				ALWAYS_EMBED_SWIFT_STANDARD_LIBRARIES = "$(inherited)";
				BUNDLE_LOADER = "$(TEST_HOST)";
				FRAMEWORK_SEARCH_PATHS = (
					"$(SDKROOT)/Developer/Library/Frameworks",
					"$(inherited)",
				);
				INFOPLIST_FILE = ASMapLauncherTests/Info.plist;
				LD_RUNPATH_SEARCH_PATHS = "$(inherited) @executable_path/Frameworks @loader_path/Frameworks";
				PRODUCT_BUNDLE_IDENTIFIER = "com.abdullahselek.$(PRODUCT_NAME:rfc1034identifier)";
				PRODUCT_NAME = "$(TARGET_NAME)";
				SWIFT_VERSION = 3.0;
				TEST_HOST = "$(BUILT_PRODUCTS_DIR)/ASMapLauncher.app/ASMapLauncher";
			};
			name = Release;
		};
/* End XCBuildConfiguration section */

/* Begin XCConfigurationList section */
		A4EC753B1B2362A900A4528E /* Build configuration list for PBXProject "ASMapLauncher" */ = {
			isa = XCConfigurationList;
			buildConfigurations = (
				A4EC755D1B2362A900A4528E /* Debug */,
				A4EC755E1B2362A900A4528E /* Release */,
			);
			defaultConfigurationIsVisible = 0;
			defaultConfigurationName = Release;
		};
		A4EC755F1B2362A900A4528E /* Build configuration list for PBXNativeTarget "ASMapLauncher" */ = {
			isa = XCConfigurationList;
			buildConfigurations = (
				A4EC75601B2362A900A4528E /* Debug */,
				A4EC75611B2362A900A4528E /* Release */,
			);
			defaultConfigurationIsVisible = 0;
			defaultConfigurationName = Release;
		};
		A4EC75621B2362A900A4528E /* Build configuration list for PBXNativeTarget "ASMapLauncherTests" */ = {
			isa = XCConfigurationList;
			buildConfigurations = (
				A4EC75631B2362A900A4528E /* Debug */,
				A4EC75641B2362A900A4528E /* Release */,
			);
			defaultConfigurationIsVisible = 0;
			defaultConfigurationName = Release;
		};
/* End XCConfigurationList section */
	};
	rootObject = A4EC75381B2362A900A4528E /* Project object */;
}
